
Microsoft Visual Studio Solution File, Format Version 12.00
# Visual Studio Version 16
VisualStudioVersion = 16.0.31005.135
MinimumVisualStudioVersion = 10.0.40219.1
Project("{FAE04EC0-301F-11D3-BF4B-00C04F79EFBC}") = "Email Service", "Email Service\Email Service.csproj", "{8D01D3E9-00C8-4E87-A4F9-06504A67C080}"
EndProject
Project("{FAE04EC0-301F-11D3-BF4B-00C04F79EFBC}") = "Back Office", "Back Office\Back Office.csproj", "{71DF74EA-0403-4F48-873D-3AED4EC6ED1D}"
EndProject
Project("{FAE04EC0-301F-11D3-BF4B-00C04F79EFBC}") = "RabbitMQ Tour", "RabbitMQ Tour\RabbitMQ Tour.csproj", "{C82865DC-4A68-4586-91E6-ED12AFCB0CCA}"
EndProject
Global
	GlobalSection(SolutionConfigurationPlatforms) = preSolution
		Debug|Any CPU = Debug|Any CPU
		Release|Any CPU = Release|Any CPU
	EndGlobalSection
	GlobalSection(ProjectConfigurationPlatforms) = postSolution
		{8D01D3E9-00C8-4E87-A4F9-06504A67C080}.Debug|Any CPU.ActiveCfg = Debug|Any CPU
		{8D01D3E9-00C8-4E87-A4F9-06504A67C080}.Debug|Any CPU.Build.0 = Debug|Any CPU
		{8D01D3E9-00C8-4E87-A4F9-06504A67C080}.Release|Any CPU.ActiveCfg = Release|Any CPU
		{8D01D3E9-00C8-4E87-A4F9-06504A67C080}.Release|Any CPU.Build.0 = Release|Any CPU
		{71DF74EA-0403-4F48-873D-3AED4EC6ED1D}.Debug|Any CPU.ActiveCfg = Debug|Any CPU
		{71DF74EA-0403-4F48-873D-3AED4EC6ED1D}.Debug|Any CPU.Build.0 = Debug|Any CPU
		{71DF74EA-0403-4F48-873D-3AED4EC6ED1D}.Release|Any CPU.ActiveCfg = Release|Any CPU
		{71DF74EA-0403-4F48-873D-3AED4EC6ED1D}.Release|Any CPU.Build.0 = Release|Any CPU
		{C82865DC-4A68-4586-91E6-ED12AFCB0CCA}.Debug|Any CPU.ActiveCfg = Debug|Any CPU
		{C82865DC-4A68-4586-91E6-ED12AFCB0CCA}.Debug|Any CPU.Build.0 = Debug|Any CPU
		{C82865DC-4A68-4586-91E6-ED12AFCB0CCA}.Release|Any CPU.ActiveCfg = Release|Any CPU
		{C82865DC-4A68-4586-91E6-ED12AFCB0CCA}.Release|Any CPU.Build.0 = Release|Any CPU
	EndGlobalSection
	GlobalSection(SolutionProperties) = preSolution
		HideSolutionNode = FALSE
	EndGlobalSection
	GlobalSection(ExtensibilityGlobals) = postSolution
		SolutionGuid = {F891955D-CE1F-4BD9-A8C8-3C9DCFEA041E}
	EndGlobalSection
EndGlobal
